
Microsoft Visual Studio Solution File, Format Version 12.00
# Visual Studio Version 17
VisualStudioVersion = 17.8.34330.188
MinimumVisualStudioVersion = 10.0.40219.1
Project("{9A19103F-16F7-4668-BE54-9A1E7A4F7556}") = "CleaningApi", "CleaningApi\CleaningApi.csproj", "{A41E0328-B1B7-4EED-A818-59A5FAB84D3E}"
EndProject
Project("{9A19103F-16F7-4668-BE54-9A1E7A4F7556}") = "Tests", "Tests\Tests.csproj", "{104AC7A8-5A91-4AE5-AB0B-0A93C9420F6C}"
EndProject
Project("{FAE04EC0-301F-11D3-BF4B-00C04F79EFBC}") = "Repositories", "Repositories\Repositories.csproj", "{1759FDF2-41AE-4E20-83B3-9EF5A089E2DE}"
EndProject
Global
	GlobalSection(SolutionConfigurationPlatforms) = preSolution
		Debug|Any CPU = Debug|Any CPU
		Release|Any CPU = Release|Any CPU
	EndGlobalSection
	GlobalSection(ProjectConfigurationPlatforms) = postSolution
		{A41E0328-B1B7-4EED-A818-59A5FAB84D3E}.Debug|Any CPU.ActiveCfg = Debug|Any CPU
		{A41E0328-B1B7-4EED-A818-59A5FAB84D3E}.Debug|Any CPU.Build.0 = Debug|Any CPU
		{A41E0328-B1B7-4EED-A818-59A5FAB84D3E}.Release|Any CPU.ActiveCfg = Release|Any CPU
		{A41E0328-B1B7-4EED-A818-59A5FAB84D3E}.Release|Any CPU.Build.0 = Release|Any CPU
		{104AC7A8-5A91-4AE5-AB0B-0A93C9420F6C}.Debug|Any CPU.ActiveCfg = Debug|Any CPU
		{104AC7A8-5A91-4AE5-AB0B-0A93C9420F6C}.Debug|Any CPU.Build.0 = Debug|Any CPU
		{104AC7A8-5A91-4AE5-AB0B-0A93C9420F6C}.Release|Any CPU.ActiveCfg = Release|Any CPU
		{104AC7A8-5A91-4AE5-AB0B-0A93C9420F6C}.Release|Any CPU.Build.0 = Release|Any CPU
		{1759FDF2-41AE-4E20-83B3-9EF5A089E2DE}.Debug|Any CPU.ActiveCfg = Debug|Any CPU
		{1759FDF2-41AE-4E20-83B3-9EF5A089E2DE}.Debug|Any CPU.Build.0 = Debug|Any CPU
		{1759FDF2-41AE-4E20-83B3-9EF5A089E2DE}.Release|Any CPU.ActiveCfg = Release|Any CPU
		{1759FDF2-41AE-4E20-83B3-9EF5A089E2DE}.Release|Any CPU.Build.0 = Release|Any CPU
	EndGlobalSection
	GlobalSection(SolutionProperties) = preSolution
		HideSolutionNode = FALSE
	EndGlobalSection
	GlobalSection(ExtensibilityGlobals) = postSolution
		SolutionGuid = {099DEB58-3C78-4C69-AA7B-C3CBD1495711}
	EndGlobalSection
EndGlobal
